
Microsoft Visual Studio Solution File, Format Version 12.00
# Visual Studio Version 16
VisualStudioVersion = 16.0.30523.141
MinimumVisualStudioVersion = 10.0.40219.1
Project("{FAE04EC0-301F-11D3-BF4B-00C04F79EFBC}") = "533-EquationSolver", "533-EquationSolver\533-EquationSolver.csproj", "{37C4E471-731D-4821-9BDA-2DD2D684C855}"
EndProject
Global
	GlobalSection(SolutionConfigurationPlatforms) = preSolution
		Debug|Any CPU = Debug|Any CPU
		Release|Any CPU = Release|Any CPU
	EndGlobalSection
	GlobalSection(ProjectConfigurationPlatforms) = postSolution
		{37C4E471-731D-4821-9BDA-2DD2D684C855}.Debug|Any CPU.ActiveCfg = Debug|Any CPU
		{37C4E471-731D-4821-9BDA-2DD2D684C855}.Debug|Any CPU.Build.0 = Debug|Any CPU
		{37C4E471-731D-4821-9BDA-2DD2D684C855}.Release|Any CPU.ActiveCfg = Release|Any CPU
		{37C4E471-731D-4821-9BDA-2DD2D684C855}.Release|Any CPU.Build.0 = Release|Any CPU
	EndGlobalSection
	GlobalSection(SolutionProperties) = preSolution
		HideSolutionNode = FALSE
	EndGlobalSection
	GlobalSection(ExtensibilityGlobals) = postSolution
		SolutionGuid = {670F6594-EE39-4F53-90FA-F24B552255E7}
	EndGlobalSection
EndGlobal
